// !$*UTF8*$!
{
	archiveVersion = 1;
	classes = {
	};
	objectVersion = 46;
	objects = {

/* Begin PBXBuildFile section */
		552973F7197C996100345824 /* Achtung!.mlv in Resources */ = {isa = PBXBuildFile; fileRef = 552973DC197C996100345824 /* Achtung!.mlv */; };
		552973F8197C996100345824 /* And So It Begins.mlv in Resources */ = {isa = PBXBuildFile; fileRef = 552973DD197C996100345824 /* And So It Begins.mlv */; };
		552973F9197C996100345824 /* Bolder.mlv in Resources */ = {isa = PBXBuildFile; fileRef = 552973DE197C996100345824 /* Bolder.mlv */; };
		552973FA197C996100345824 /* Catacombs-Aquatron.mlv in Resources */ = {isa = PBXBuildFile; fileRef = 552973DF197C996100345824 /* Catacombs-Aquatron.mlv */; };
		552973FB197C996100345824 /* Combinations.mlv in Resources */ = {isa = PBXBuildFile; fileRef = 552973E0197C996100345824 /* Combinations.mlv */; };
		552973FC197C996100345824 /* Crystalline.mlv in Resources */ = {isa = PBXBuildFile; fileRef = 552973E1197C996100345824 /* Crystalline.mlv */; };
		552973FD197C996100345824 /* Dash Dash.mlv in Resources */ = {isa = PBXBuildFile; fileRef = 552973E2197C996100345824 /* Dash Dash.mlv */; };
		552973FE197C996100345824 /* Daylight.mlv in Resources */ = {isa = PBXBuildFile; fileRef = 552973E3197C996100345824 /* Daylight.mlv */; };
		552973FF197C996100345824 /* Dot Dot.mlv in Resources */ = {isa = PBXBuildFile; fileRef = 552973E4197C996100345824 /* Dot Dot.mlv */; };
		55297400197C996100345824 /* Excavation.mlv in Resources */ = {isa = PBXBuildFile; fileRef = 552973E5197C996100345824 /* Excavation.mlv */; };
		55297401197C996100345824 /* Falling.mlv in Resources */ = {isa = PBXBuildFile; fileRef = 552973E6197C996100345824 /* Falling.mlv */; };
		55297402197C996100345824 /* Going Up.mlv in Resources */ = {isa = PBXBuildFile; fileRef = 552973E7197C996100345824 /* Going Up.mlv */; };
		55297403197C996100345824 /* Gold Rush.mlv in Resources */ = {isa = PBXBuildFile; fileRef = 552973E8197C996100345824 /* Gold Rush.mlv */; };
		55297404197C996100345824 /* Golden Rule.mlv in Resources */ = {isa = PBXBuildFile; fileRef = 552973E9197C996100345824 /* Golden Rule.mlv */; };
		55297405197C996100345824 /* Inflamatory.mlv in Resources */ = {isa = PBXBuildFile; fileRef = 552973EA197C996100345824 /* Inflamatory.mlv */; };
		55297406197C996100345824 /* It's Alive!!.mlv in Resources */ = {isa = PBXBuildFile; fileRef = 552973EB197C996100345824 /* It's Alive!!.mlv */; };
		55297407197C996100345824 /* Labyrinth.mlv in Resources */ = {isa = PBXBuildFile; fileRef = 552973EC197C996100345824 /* Labyrinth.mlv */; };
		55297408197C996100345824 /* Love Boat.mlv in Resources */ = {isa = PBXBuildFile; fileRef = 552973ED197C996100345824 /* Love Boat.mlv */; };
		55297409197C996100345824 /* No More Secrets.mlv in Resources */ = {isa = PBXBuildFile; fileRef = 552973EE197C996100345824 /* No More Secrets.mlv */; };
		5529740A197C996100345824 /* Out In Out.mlv in Resources */ = {isa = PBXBuildFile; fileRef = 552973EF197C996100345824 /* Out In Out.mlv */; };
		5529740B197C996100345824 /* Robots & Plasmoids.mlv in Resources */ = {isa = PBXBuildFile; fileRef = 552973F0197C996100345824 /* Robots & Plasmoids.mlv */; };
		5529740C197C996100345824 /* Short Circuit.mlv in Resources */ = {isa = PBXBuildFile; fileRef = 552973F1197C996100345824 /* Short Circuit.mlv */; };
		5529740D197C996100345824 /* Stress.mlv in Resources */ = {isa = PBXBuildFile; fileRef = 552973F2197C996100345824 /* Stress.mlv */; };
		5529740E197C996100345824 /* Thriller.mlv in Resources */ = {isa = PBXBuildFile; fileRef = 552973F3197C996100345824 /* Thriller.mlv */; };
		5529740F197C996100345824 /* Trapped Inside.mlv in Resources */ = {isa = PBXBuildFile; fileRef = 552973F4197C996100345824 /* Trapped Inside.mlv */; };
		55297410197C996100345824 /* Wizard.mlv in Resources */ = {isa = PBXBuildFile; fileRef = 552973F5197C996100345824 /* Wizard.mlv */; };
		55297411197C996100345824 /* World.mlv in Resources */ = {isa = PBXBuildFile; fileRef = 552973F6197C996100345824 /* World.mlv */; };
		55297415197CC49C00345824 /* EnumRanges.swift in Sources */ = {isa = PBXBuildFile; fileRef = 55297414197CC49C00345824 /* EnumRanges.swift */; };
		555D204F197891E200752DE5 /* main.swift in Sources */ = {isa = PBXBuildFile; fileRef = 555D204E197891E200752DE5 /* main.swift */; };
		555D2051197891E200752DE5 /* AppDelegate.swift in Sources */ = {isa = PBXBuildFile; fileRef = 555D2050197891E200752DE5 /* AppDelegate.swift */; };
		555D2057197891E200752DE5 /* Images.xcassets in Resources */ = {isa = PBXBuildFile; fileRef = 555D2056197891E200752DE5 /* Images.xcassets */; };
		555D205A197891E200752DE5 /* MainMenu.xib in Resources */ = {isa = PBXBuildFile; fileRef = 555D2058197891E200752DE5 /* MainMenu.xib */; };
		555D2066197891E200752DE5 /* MurphyTests.swift in Sources */ = {isa = PBXBuildFile; fileRef = 555D2065197891E200752DE5 /* MurphyTests.swift */; };
		555D20721978A42D00752DE5 /* aquatron.atlas in Resources */ = {isa = PBXBuildFile; fileRef = 555D206F1978A42D00752DE5 /* aquatron.atlas */; };
		555D20731978A42D00752DE5 /* infotron.atlas in Resources */ = {isa = PBXBuildFile; fileRef = 555D20701978A42D00752DE5 /* infotron.atlas */; };
		555D20741978A42D00752DE5 /* savanatron.atlas in Resources */ = {isa = PBXBuildFile; fileRef = 555D20711978A42D00752DE5 /* savanatron.atlas */; };
		555D20761979DEB200752DE5 /* BinaryDataScanner.swift in Sources */ = {isa = PBXBuildFile; fileRef = 555D20751979DEB200752DE5 /* BinaryDataScanner.swift */; };
		5590B9EC197C2A7C00024727 /* MurphyLevel.swift in Sources */ = {isa = PBXBuildFile; fileRef = 5590B9EB197C2A7C00024727 /* MurphyLevel.swift */; };
		5590B9EE197C2B7200024727 /* MurphyTiles.swift in Sources */ = {isa = PBXBuildFile; fileRef = 5590B9ED197C2B7200024727 /* MurphyTiles.swift */; };
		5590B9F2197C711A00024727 /* MurphyLevelScene.swift in Sources */ = {isa = PBXBuildFile; fileRef = 5590B9F1197C711A00024727 /* MurphyLevelScene.swift */; };
/* End PBXBuildFile section */

/* Begin PBXContainerItemProxy section */
		555D2060197891E200752DE5 /* PBXContainerItemProxy */ = {
			isa = PBXContainerItemProxy;
			containerPortal = 555D2041197891E200752DE5 /* Project object */;
			proxyType = 1;
			remoteGlobalIDString = 555D2048197891E200752DE5;
			remoteInfo = Murphy;
		};
/* End PBXContainerItemProxy section */

/* Begin PBXFileReference section */
		552973DC197C996100345824 /* Achtung!.mlv */ = {isa = PBXFileReference; lastKnownFileType = file; path = "Achtung!.mlv"; sourceTree = "<group>"; };
		552973DD197C996100345824 /* And So It Begins.mlv */ = {isa = PBXFileReference; lastKnownFileType = file; path = "And So It Begins.mlv"; sourceTree = "<group>"; };
		552973DE197C996100345824 /* Bolder.mlv */ = {isa = PBXFileReference; lastKnownFileType = file; path = Bolder.mlv; sourceTree = "<group>"; };
		552973DF197C996100345824 /* Catacombs-Aquatron.mlv */ = {isa = PBXFileReference; lastKnownFileType = file; path = "Catacombs-Aquatron.mlv"; sourceTree = "<group>"; };
		552973E0197C996100345824 /* Combinations.mlv */ = {isa = PBXFileReference; lastKnownFileType = file; path = Combinations.mlv; sourceTree = "<group>"; };
		552973E1197C996100345824 /* Crystalline.mlv */ = {isa = PBXFileReference; lastKnownFileType = file; path = Crystalline.mlv; sourceTree = "<group>"; };
		552973E2197C996100345824 /* Dash Dash.mlv */ = {isa = PBXFileReference; lastKnownFileType = file; path = "Dash Dash.mlv"; sourceTree = "<group>"; };
		552973E3197C996100345824 /* Daylight.mlv */ = {isa = PBXFileReference; lastKnownFileType = file; path = Daylight.mlv; sourceTree = "<group>"; };
		552973E4197C996100345824 /* Dot Dot.mlv */ = {isa = PBXFileReference; lastKnownFileType = file; path = "Dot Dot.mlv"; sourceTree = "<group>"; };
		552973E5197C996100345824 /* Excavation.mlv */ = {isa = PBXFileReference; lastKnownFileType = file; path = Excavation.mlv; sourceTree = "<group>"; };
		552973E6197C996100345824 /* Falling.mlv */ = {isa = PBXFileReference; lastKnownFileType = file; path = Falling.mlv; sourceTree = "<group>"; };
		552973E7197C996100345824 /* Going Up.mlv */ = {isa = PBXFileReference; lastKnownFileType = file; path = "Going Up.mlv"; sourceTree = "<group>"; };
		552973E8197C996100345824 /* Gold Rush.mlv */ = {isa = PBXFileReference; lastKnownFileType = file; path = "Gold Rush.mlv"; sourceTree = "<group>"; };
		552973E9197C996100345824 /* Golden Rule.mlv */ = {isa = PBXFileReference; lastKnownFileType = file; path = "Golden Rule.mlv"; sourceTree = "<group>"; };
		552973EA197C996100345824 /* Inflamatory.mlv */ = {isa = PBXFileReference; lastKnownFileType = file; path = Inflamatory.mlv; sourceTree = "<group>"; };
		552973EB197C996100345824 /* It's Alive!!.mlv */ = {isa = PBXFileReference; lastKnownFileType = file; path = "It's Alive!!.mlv"; sourceTree = "<group>"; };
		552973EC197C996100345824 /* Labyrinth.mlv */ = {isa = PBXFileReference; lastKnownFileType = file; path = Labyrinth.mlv; sourceTree = "<group>"; };
		552973ED197C996100345824 /* Love Boat.mlv */ = {isa = PBXFileReference; lastKnownFileType = file; path = "Love Boat.mlv"; sourceTree = "<group>"; };
		552973EE197C996100345824 /* No More Secrets.mlv */ = {isa = PBXFileReference; lastKnownFileType = file; path = "No More Secrets.mlv"; sourceTree = "<group>"; };
		552973EF197C996100345824 /* Out In Out.mlv */ = {isa = PBXFileReference; lastKnownFileType = file; path = "Out In Out.mlv"; sourceTree = "<group>"; };
		552973F0197C996100345824 /* Robots & Plasmoids.mlv */ = {isa = PBXFileReference; lastKnownFileType = file; path = "Robots & Plasmoids.mlv"; sourceTree = "<group>"; };
		552973F1197C996100345824 /* Short Circuit.mlv */ = {isa = PBXFileReference; lastKnownFileType = file; path = "Short Circuit.mlv"; sourceTree = "<group>"; };
		552973F2197C996100345824 /* Stress.mlv */ = {isa = PBXFileReference; lastKnownFileType = file; path = Stress.mlv; sourceTree = "<group>"; };
		552973F3197C996100345824 /* Thriller.mlv */ = {isa = PBXFileReference; lastKnownFileType = file; path = Thriller.mlv; sourceTree = "<group>"; };
		552973F4197C996100345824 /* Trapped Inside.mlv */ = {isa = PBXFileReference; lastKnownFileType = file; path = "Trapped Inside.mlv"; sourceTree = "<group>"; };
		552973F5197C996100345824 /* Wizard.mlv */ = {isa = PBXFileReference; lastKnownFileType = file; path = Wizard.mlv; sourceTree = "<group>"; };
		552973F6197C996100345824 /* World.mlv */ = {isa = PBXFileReference; lastKnownFileType = file; path = World.mlv; sourceTree = "<group>"; };
		55297414197CC49C00345824 /* EnumRanges.swift */ = {isa = PBXFileReference; fileEncoding = 4; lastKnownFileType = sourcecode.swift; path = EnumRanges.swift; sourceTree = "<group>"; };
		555D2049197891E200752DE5 /* Murphy.app */ = {isa = PBXFileReference; explicitFileType = wrapper.application; includeInIndex = 0; path = Murphy.app; sourceTree = BUILT_PRODUCTS_DIR; };
		555D204D197891E200752DE5 /* Info.plist */ = {isa = PBXFileReference; lastKnownFileType = text.plist.xml; path = Info.plist; sourceTree = "<group>"; };
		555D204E197891E200752DE5 /* main.swift */ = {isa = PBXFileReference; lastKnownFileType = sourcecode.swift; path = main.swift; sourceTree = "<group>"; };
		555D2050197891E200752DE5 /* AppDelegate.swift */ = {isa = PBXFileReference; lastKnownFileType = sourcecode.swift; path = AppDelegate.swift; sourceTree = "<group>"; };
		555D2056197891E200752DE5 /* Images.xcassets */ = {isa = PBXFileReference; lastKnownFileType = folder.assetcatalog; path = Images.xcassets; sourceTree = "<group>"; };
		555D2059197891E200752DE5 /* Base */ = {isa = PBXFileReference; lastKnownFileType = file.xib; name = Base; path = Base.lproj/MainMenu.xib; sourceTree = "<group>"; };
		555D205F197891E200752DE5 /* MurphyTests.xctest */ = {isa = PBXFileReference; explicitFileType = wrapper.cfbundle; includeInIndex = 0; path = MurphyTests.xctest; sourceTree = BUILT_PRODUCTS_DIR; };
		555D2064197891E200752DE5 /* Info.plist */ = {isa = PBXFileReference; lastKnownFileType = text.plist.xml; path = Info.plist; sourceTree = "<group>"; };
		555D2065197891E200752DE5 /* MurphyTests.swift */ = {isa = PBXFileReference; lastKnownFileType = sourcecode.swift; path = MurphyTests.swift; sourceTree = "<group>"; };
		555D206F1978A42D00752DE5 /* aquatron.atlas */ = {isa = PBXFileReference; lastKnownFileType = folder.skatlas; path = aquatron.atlas; sourceTree = "<group>"; };
		555D20701978A42D00752DE5 /* infotron.atlas */ = {isa = PBXFileReference; lastKnownFileType = folder.skatlas; path = infotron.atlas; sourceTree = "<group>"; };
		555D20711978A42D00752DE5 /* savanatron.atlas */ = {isa = PBXFileReference; lastKnownFileType = folder.skatlas; path = savanatron.atlas; sourceTree = "<group>"; };
		555D20751979DEB200752DE5 /* BinaryDataScanner.swift */ = {isa = PBXFileReference; fileEncoding = 4; lastKnownFileType = sourcecode.swift; path = BinaryDataScanner.swift; sourceTree = "<group>"; };
		5590B9EB197C2A7C00024727 /* MurphyLevel.swift */ = {isa = PBXFileReference; fileEncoding = 4; lastKnownFileType = sourcecode.swift; path = MurphyLevel.swift; sourceTree = "<group>"; };
		5590B9ED197C2B7200024727 /* MurphyTiles.swift */ = {isa = PBXFileReference; fileEncoding = 4; lastKnownFileType = sourcecode.swift; path = MurphyTiles.swift; sourceTree = "<group>"; };
		5590B9F1197C711A00024727 /* MurphyLevelScene.swift */ = {isa = PBXFileReference; fileEncoding = 4; lastKnownFileType = sourcecode.swift; path = MurphyLevelScene.swift; sourceTree = "<group>"; };
/* End PBXFileReference section */

/* Begin PBXFrameworksBuildPhase section */
		555D2046197891E200752DE5 /* Frameworks */ = {
			isa = PBXFrameworksBuildPhase;
			buildActionMask = 2147483647;
			files = (
			);
			runOnlyForDeploymentPostprocessing = 0;
		};
		555D205C197891E200752DE5 /* Frameworks */ = {
			isa = PBXFrameworksBuildPhase;
			buildActionMask = 2147483647;
			files = (
			);
			runOnlyForDeploymentPostprocessing = 0;
		};
/* End PBXFrameworksBuildPhase section */

/* Begin PBXGroup section */
		552973DB197C996100345824 /* Levels */ = {
			isa = PBXGroup;
			children = (
				552973DC197C996100345824 /* Achtung!.mlv */,
				552973DD197C996100345824 /* And So It Begins.mlv */,
				552973DE197C996100345824 /* Bolder.mlv */,
				552973DF197C996100345824 /* Catacombs-Aquatron.mlv */,
				552973E0197C996100345824 /* Combinations.mlv */,
				552973E1197C996100345824 /* Crystalline.mlv */,
				552973E2197C996100345824 /* Dash Dash.mlv */,
				552973E3197C996100345824 /* Daylight.mlv */,
				552973E4197C996100345824 /* Dot Dot.mlv */,
				552973E5197C996100345824 /* Excavation.mlv */,
				552973E6197C996100345824 /* Falling.mlv */,
				552973E7197C996100345824 /* Going Up.mlv */,
				552973E8197C996100345824 /* Gold Rush.mlv */,
				552973E9197C996100345824 /* Golden Rule.mlv */,
				552973EA197C996100345824 /* Inflamatory.mlv */,
				552973EB197C996100345824 /* It's Alive!!.mlv */,
				552973EC197C996100345824 /* Labyrinth.mlv */,
				552973ED197C996100345824 /* Love Boat.mlv */,
				552973EE197C996100345824 /* No More Secrets.mlv */,
				552973EF197C996100345824 /* Out In Out.mlv */,
				552973F0197C996100345824 /* Robots & Plasmoids.mlv */,
				552973F1197C996100345824 /* Short Circuit.mlv */,
				552973F2197C996100345824 /* Stress.mlv */,
				552973F3197C996100345824 /* Thriller.mlv */,
				552973F4197C996100345824 /* Trapped Inside.mlv */,
				552973F5197C996100345824 /* Wizard.mlv */,
				552973F6197C996100345824 /* World.mlv */,
			);
			path = Levels;
			sourceTree = "<group>";
		};
		555D2040197891E200752DE5 = {
			isa = PBXGroup;
			children = (
				555D204B197891E200752DE5 /* Murphy */,
				555D2062197891E200752DE5 /* MurphyTests */,
				555D204A197891E200752DE5 /* Products */,
			);
			sourceTree = "<group>";
		};
		555D204A197891E200752DE5 /* Products */ = {
			isa = PBXGroup;
			children = (
				555D2049197891E200752DE5 /* Murphy.app */,
				555D205F197891E200752DE5 /* MurphyTests.xctest */,
			);
			name = Products;
			sourceTree = "<group>";
		};
		555D204B197891E200752DE5 /* Murphy */ = {
			isa = PBXGroup;
			children = (
				552973DB197C996100345824 /* Levels */,
				555D206F1978A42D00752DE5 /* aquatron.atlas */,
				555D20701978A42D00752DE5 /* infotron.atlas */,
				555D20711978A42D00752DE5 /* savanatron.atlas */,
				555D2050197891E200752DE5 /* AppDelegate.swift */,
				555D2056197891E200752DE5 /* Images.xcassets */,
				555D2058197891E200752DE5 /* MainMenu.xib */,
				555D204C197891E200752DE5 /* Supporting Files */,
				555D20751979DEB200752DE5 /* BinaryDataScanner.swift */,
				5590B9EB197C2A7C00024727 /* MurphyLevel.swift */,
				5590B9ED197C2B7200024727 /* MurphyTiles.swift */,
				5590B9F1197C711A00024727 /* MurphyLevelScene.swift */,
				55297414197CC49C00345824 /* EnumRanges.swift */,
			);
			path = Murphy;
			sourceTree = "<group>";
		};
		555D204C197891E200752DE5 /* Supporting Files */ = {
			isa = PBXGroup;
			children = (
				555D204D197891E200752DE5 /* Info.plist */,
				555D204E197891E200752DE5 /* main.swift */,
			);
			name = "Supporting Files";
			sourceTree = "<group>";
		};
		555D2062197891E200752DE5 /* MurphyTests */ = {
			isa = PBXGroup;
			children = (
				555D2065197891E200752DE5 /* MurphyTests.swift */,
				555D2063197891E200752DE5 /* Supporting Files */,
			);
			path = MurphyTests;
			sourceTree = "<group>";
		};
		555D2063197891E200752DE5 /* Supporting Files */ = {
			isa = PBXGroup;
			children = (
				555D2064197891E200752DE5 /* Info.plist */,
			);
			name = "Supporting Files";
			sourceTree = "<group>";
		};
/* End PBXGroup section */

/* Begin PBXNativeTarget section */
		555D2048197891E200752DE5 /* Murphy */ = {
			isa = PBXNativeTarget;
			buildConfigurationList = 555D2069197891E200752DE5 /* Build configuration list for PBXNativeTarget "Murphy" */;
			buildPhases = (
				555D2045197891E200752DE5 /* Sources */,
				555D2046197891E200752DE5 /* Frameworks */,
				555D2047197891E200752DE5 /* Resources */,
			);
			buildRules = (
			);
			dependencies = (
			);
			name = Murphy;
			productName = Murphy;
			productReference = 555D2049197891E200752DE5 /* Murphy.app */;
			productType = "com.apple.product-type.application";
		};
		555D205E197891E200752DE5 /* MurphyTests */ = {
			isa = PBXNativeTarget;
			buildConfigurationList = 555D206C197891E200752DE5 /* Build configuration list for PBXNativeTarget "MurphyTests" */;
			buildPhases = (
				555D205B197891E200752DE5 /* Sources */,
				555D205C197891E200752DE5 /* Frameworks */,
				555D205D197891E200752DE5 /* Resources */,
			);
			buildRules = (
			);
			dependencies = (
				555D2061197891E200752DE5 /* PBXTargetDependency */,
			);
			name = MurphyTests;
			productName = MurphyTests;
			productReference = 555D205F197891E200752DE5 /* MurphyTests.xctest */;
			productType = "com.apple.product-type.bundle.unit-test";
		};
/* End PBXNativeTarget section */

/* Begin PBXProject section */
		555D2041197891E200752DE5 /* Project object */ = {
			isa = PBXProject;
			attributes = {
				LastUpgradeCheck = 0600;
				ORGANIZATIONNAME = "Dave Peck";
				TargetAttributes = {
					555D2048197891E200752DE5 = {
						CreatedOnToolsVersion = 6.0;
					};
					555D205E197891E200752DE5 = {
						CreatedOnToolsVersion = 6.0;
						TestTargetID = 555D2048197891E200752DE5;
					};
				};
			};
			buildConfigurationList = 555D2044197891E200752DE5 /* Build configuration list for PBXProject "Murphy" */;
			compatibilityVersion = "Xcode 3.2";
			developmentRegion = English;
			hasScannedForEncodings = 0;
			knownRegions = (
				en,
				Base,
			);
			mainGroup = 555D2040197891E200752DE5;
			productRefGroup = 555D204A197891E200752DE5 /* Products */;
			projectDirPath = "";
			projectRoot = "";
			targets = (
				555D2048197891E200752DE5 /* Murphy */,
				555D205E197891E200752DE5 /* MurphyTests */,
			);
		};
/* End PBXProject section */

/* Begin PBXResourcesBuildPhase section */
		555D2047197891E200752DE5 /* Resources */ = {
			isa = PBXResourcesBuildPhase;
			buildActionMask = 2147483647;
			files = (
				55297402197C996100345824 /* Going Up.mlv in Resources */,
				55297409197C996100345824 /* No More Secrets.mlv in Resources */,
				552973FF197C996100345824 /* Dot Dot.mlv in Resources */,
				55297405197C996100345824 /* Inflamatory.mlv in Resources */,
				552973F7197C996100345824 /* Achtung!.mlv in Resources */,
				55297410197C996100345824 /* Wizard.mlv in Resources */,
				552973FE197C996100345824 /* Daylight.mlv in Resources */,
				5529740B197C996100345824 /* Robots & Plasmoids.mlv in Resources */,
				55297407197C996100345824 /* Labyrinth.mlv in Resources */,
				5529740C197C996100345824 /* Short Circuit.mlv in Resources */,
				552973F8197C996100345824 /* And So It Begins.mlv in Resources */,
				552973FD197C996100345824 /* Dash Dash.mlv in Resources */,
				55297401197C996100345824 /* Falling.mlv in Resources */,
				555D20741978A42D00752DE5 /* savanatron.atlas in Resources */,
				55297411197C996100345824 /* World.mlv in Resources */,
				552973FB197C996100345824 /* Combinations.mlv in Resources */,
				55297400197C996100345824 /* Excavation.mlv in Resources */,
				5529740F197C996100345824 /* Trapped Inside.mlv in Resources */,
				55297406197C996100345824 /* It's Alive!!.mlv in Resources */,
				5529740A197C996100345824 /* Out In Out.mlv in Resources */,
				55297403197C996100345824 /* Gold Rush.mlv in Resources */,
				555D20721978A42D00752DE5 /* aquatron.atlas in Resources */,
				555D20731978A42D00752DE5 /* infotron.atlas in Resources */,
				552973FC197C996100345824 /* Crystalline.mlv in Resources */,
				5529740E197C996100345824 /* Thriller.mlv in Resources */,
				555D2057197891E200752DE5 /* Images.xcassets in Resources */,
				555D205A197891E200752DE5 /* MainMenu.xib in Resources */,
				552973FA197C996100345824 /* Catacombs-Aquatron.mlv in Resources */,
				55297404197C996100345824 /* Golden Rule.mlv in Resources */,
				552973F9197C996100345824 /* Bolder.mlv in Resources */,
				55297408197C996100345824 /* Love Boat.mlv in Resources */,
				5529740D197C996100345824 /* Stress.mlv in Resources */,
			);
			runOnlyForDeploymentPostprocessing = 0;
		};
		555D205D197891E200752DE5 /* Resources */ = {
			isa = PBXResourcesBuildPhase;
			buildActionMask = 2147483647;
			files = (
			);
			runOnlyForDeploymentPostprocessing = 0;
		};
/* End PBXResourcesBuildPhase section */

/* Begin PBXSourcesBuildPhase section */
		555D2045197891E200752DE5 /* Sources */ = {
			isa = PBXSourcesBuildPhase;
			buildActionMask = 2147483647;
			files = (
				5590B9EC197C2A7C00024727 /* MurphyLevel.swift in Sources */,
				5590B9EE197C2B7200024727 /* MurphyTiles.swift in Sources */,
				5590B9F2197C711A00024727 /* MurphyLevelScene.swift in Sources */,
				555D2051197891E200752DE5 /* AppDelegate.swift in Sources */,
				55297415197CC49C00345824 /* EnumRanges.swift in Sources */,
				555D204F197891E200752DE5 /* main.swift in Sources */,
				555D20761979DEB200752DE5 /* BinaryDataScanner.swift in Sources */,
			);
			runOnlyForDeploymentPostprocessing = 0;
		};
		555D205B197891E200752DE5 /* Sources */ = {
			isa = PBXSourcesBuildPhase;
			buildActionMask = 2147483647;
			files = (
				555D2066197891E200752DE5 /* MurphyTests.swift in Sources */,
			);
			runOnlyForDeploymentPostprocessing = 0;
		};
/* End PBXSourcesBuildPhase section */

/* Begin PBXTargetDependency section */
		555D2061197891E200752DE5 /* PBXTargetDependency */ = {
			isa = PBXTargetDependency;
			target = 555D2048197891E200752DE5 /* Murphy */;
			targetProxy = 555D2060197891E200752DE5 /* PBXContainerItemProxy */;
		};
/* End PBXTargetDependency section */

/* Begin PBXVariantGroup section */
		555D2058197891E200752DE5 /* MainMenu.xib */ = {
			isa = PBXVariantGroup;
			children = (
				555D2059197891E200752DE5 /* Base */,
			);
			name = MainMenu.xib;
			sourceTree = "<group>";
		};
/* End PBXVariantGroup section */

/* Begin XCBuildConfiguration section */
		555D2067197891E200752DE5 /* Debug */ = {
			isa = XCBuildConfiguration;
			buildSettings = {
				ALWAYS_SEARCH_USER_PATHS = NO;
				CLANG_CXX_LANGUAGE_STANDARD = "gnu++0x";
				CLANG_CXX_LIBRARY = "libc++";
				CLANG_ENABLE_MODULES = YES;
				CLANG_ENABLE_OBJC_ARC = YES;
				CLANG_WARN_BOOL_CONVERSION = YES;
				CLANG_WARN_CONSTANT_CONVERSION = YES;
				CLANG_WARN_DIRECT_OBJC_ISA_USAGE = YES_ERROR;
				CLANG_WARN_EMPTY_BODY = YES;
				CLANG_WARN_ENUM_CONVERSION = YES;
				CLANG_WARN_INT_CONVERSION = YES;
				CLANG_WARN_OBJC_ROOT_CLASS = YES_ERROR;
				CLANG_WARN_UNREACHABLE_CODE = YES;
				CLANG_WARN__DUPLICATE_METHOD_MATCH = YES;
				CODE_SIGN_IDENTITY = "-";
				COPY_PHASE_STRIP = NO;
				ENABLE_STRICT_OBJC_MSGSEND = YES;
				GCC_C_LANGUAGE_STANDARD = gnu99;
				GCC_DYNAMIC_NO_PIC = NO;
				GCC_OPTIMIZATION_LEVEL = 0;
				GCC_PREPROCESSOR_DEFINITIONS = (
					"DEBUG=1",
					"$(inherited)",
				);
				GCC_SYMBOLS_PRIVATE_EXTERN = NO;
				GCC_WARN_64_TO_32_BIT_CONVERSION = YES;
				GCC_WARN_ABOUT_RETURN_TYPE = YES_ERROR;
				GCC_WARN_UNDECLARED_SELECTOR = YES;
				GCC_WARN_UNINITIALIZED_AUTOS = YES_AGGRESSIVE;
				GCC_WARN_UNUSED_FUNCTION = YES;
				GCC_WARN_UNUSED_VARIABLE = YES;
				MACOSX_DEPLOYMENT_TARGET = 10.9;
				MTL_ENABLE_DEBUG_INFO = YES;
				ONLY_ACTIVE_ARCH = YES;
				SDKROOT = macosx;
				SWIFT_OPTIMIZATION_LEVEL = "-Onone";
			};
			name = Debug;
		};
		555D2068197891E200752DE5 /* Release */ = {
			isa = XCBuildConfiguration;
			buildSettings = {
				ALWAYS_SEARCH_USER_PATHS = NO;
				CLANG_CXX_LANGUAGE_STANDARD = "gnu++0x";
				CLANG_CXX_LIBRARY = "libc++";
				CLANG_ENABLE_MODULES = YES;
				CLANG_ENABLE_OBJC_ARC = YES;
				CLANG_WARN_BOOL_CONVERSION = YES;
				CLANG_WARN_CONSTANT_CONVERSION = YES;
				CLANG_WARN_DIRECT_OBJC_ISA_USAGE = YES_ERROR;
				CLANG_WARN_EMPTY_BODY = YES;
				CLANG_WARN_ENUM_CONVERSION = YES;
				CLANG_WARN_INT_CONVERSION = YES;
				CLANG_WARN_OBJC_ROOT_CLASS = YES_ERROR;
				CLANG_WARN_UNREACHABLE_CODE = YES;
				CLANG_WARN__DUPLICATE_METHOD_MATCH = YES;
				CODE_SIGN_IDENTITY = "-";
				COPY_PHASE_STRIP = YES;
				DEBUG_INFORMATION_FORMAT = "dwarf-with-dsym";
				ENABLE_NS_ASSERTIONS = NO;
				ENABLE_STRICT_OBJC_MSGSEND = YES;
				GCC_C_LANGUAGE_STANDARD = gnu99;
				GCC_WARN_64_TO_32_BIT_CONVERSION = YES;
				GCC_WARN_ABOUT_RETURN_TYPE = YES_ERROR;
				GCC_WARN_UNDECLARED_SELECTOR = YES;
				GCC_WARN_UNINITIALIZED_AUTOS = YES_AGGRESSIVE;
				GCC_WARN_UNUSED_FUNCTION = YES;
				GCC_WARN_UNUSED_VARIABLE = YES;
				MACOSX_DEPLOYMENT_TARGET = 10.9;
				MTL_ENABLE_DEBUG_INFO = NO;
				SDKROOT = macosx;
			};
			name = Release;
		};
		555D206A197891E200752DE5 /* Debug */ = {
			isa = XCBuildConfiguration;
			buildSettings = {
				ASSETCATALOG_COMPILER_APPICON_NAME = AppIcon;
				COMBINE_HIDPI_IMAGES = YES;
				INFOPLIST_FILE = Murphy/Info.plist;
				LD_RUNPATH_SEARCH_PATHS = "$(inherited) @executable_path/../Frameworks";
				PRODUCT_NAME = "$(TARGET_NAME)";
			};
			name = Debug;
		};
		555D206B197891E200752DE5 /* Release */ = {
			isa = XCBuildConfiguration;
			buildSettings = {
				ASSETCATALOG_COMPILER_APPICON_NAME = AppIcon;
				COMBINE_HIDPI_IMAGES = YES;
				INFOPLIST_FILE = Murphy/Info.plist;
				LD_RUNPATH_SEARCH_PATHS = "$(inherited) @executable_path/../Frameworks";
				PRODUCT_NAME = "$(TARGET_NAME)";
			};
			name = Release;
		};
		555D206D197891E200752DE5 /* Debug */ = {
			isa = XCBuildConfiguration;
			buildSettings = {
				BUNDLE_LOADER = "$(BUILT_PRODUCTS_DIR)/Murphy.app/Contents/MacOS/Murphy";
				COMBINE_HIDPI_IMAGES = YES;
				FRAMEWORK_SEARCH_PATHS = (
					"$(DEVELOPER_FRAMEWORKS_DIR)",
					"$(inherited)",
				);
				GCC_PREPROCESSOR_DEFINITIONS = (
					"DEBUG=1",
					"$(inherited)",
				);
				INFOPLIST_FILE = MurphyTests/Info.plist;
				LD_RUNPATH_SEARCH_PATHS = "$(inherited) @executable_path/../Frameworks @loader_path/../Frameworks";
				PRODUCT_NAME = "$(TARGET_NAME)";
				TEST_HOST = "$(BUNDLE_LOADER)";
			};
			name = Debug;
		};
		555D206E197891E200752DE5 /* Release */ = {
			isa = XCBuildConfiguration;
			buildSettings = {
				BUNDLE_LOADER = "$(BUILT_PRODUCTS_DIR)/Murphy.app/Contents/MacOS/Murphy";
				COMBINE_HIDPI_IMAGES = YES;
				FRAMEWORK_SEARCH_PATHS = (
					"$(DEVELOPER_FRAMEWORKS_DIR)",
					"$(inherited)",
				);
				INFOPLIST_FILE = MurphyTests/Info.plist;
				LD_RUNPATH_SEARCH_PATHS = "$(inherited) @executable_path/../Frameworks @loader_path/../Frameworks";
				PRODUCT_NAME = "$(TARGET_NAME)";
				TEST_HOST = "$(BUNDLE_LOADER)";
			};
			name = Release;
		};
/* End XCBuildConfiguration section */

/* Begin XCConfigurationList section */
		555D2044197891E200752DE5 /* Build configuration list for PBXProject "Murphy" */ = {
			isa = XCConfigurationList;
			buildConfigurations = (
				555D2067197891E200752DE5 /* Debug */,
				555D2068197891E200752DE5 /* Release */,
			);
			defaultConfigurationIsVisible = 0;
			defaultConfigurationName = Release;
		};
		555D2069197891E200752DE5 /* Build configuration list for PBXNativeTarget "Murphy" */ = {
			isa = XCConfigurationList;
			buildConfigurations = (
				555D206A197891E200752DE5 /* Debug */,
				555D206B197891E200752DE5 /* Release */,
			);
			defaultConfigurationIsVisible = 0;
			defaultConfigurationName = Release;
		};
		555D206C197891E200752DE5 /* Build configuration list for PBXNativeTarget "MurphyTests" */ = {
			isa = XCConfigurationList;
			buildConfigurations = (
				555D206D197891E200752DE5 /* Debug */,
				555D206E197891E200752DE5 /* Release */,
			);
			defaultConfigurationIsVisible = 0;
			defaultConfigurationName = Release;
		};
/* End XCConfigurationList section */
	};
	rootObject = 555D2041197891E200752DE5 /* Project object */;
}
