// !$*UTF8*$!
{
	archiveVersion = 1;
	classes = {
	};
	objectVersion = 45;
	objects = {

/* Begin PBXBuildFile section */
		1D60589F0D05DD5A006BFB54 /* Foundation.framework in Frameworks */ = {isa = PBXBuildFile; fileRef = 1D30AB110D05D00D00671497 /* Foundation.framework */; };
		1DF5F4E00D08C38300B7A737 /* UIKit.framework in Frameworks */ = {isa = PBXBuildFile; fileRef = 1DF5F4DF0D08C38300B7A737 /* UIKit.framework */; };
		28FD15000DC6FC520079059D /* OpenGLES.framework in Frameworks */ = {isa = PBXBuildFile; fileRef = 28FD14FF0DC6FC520079059D /* OpenGLES.framework */; };
		28FD15080DC6FC5B0079059D /* QuartzCore.framework in Frameworks */ = {isa = PBXBuildFile; fileRef = 28FD15070DC6FC5B0079059D /* QuartzCore.framework */; };
		551D52370F930198005F2714 /* CoreGraphics.framework in Frameworks */ = {isa = PBXBuildFile; fileRef = 551D52360F930198005F2714 /* CoreGraphics.framework */; };
		55A661780FA56BD60030849A /* FlickDynamics.m in Sources */ = {isa = PBXBuildFile; fileRef = 55A661690FA56BD60030849A /* FlickDynamics.m */; };
		55A661790FA56BD60030849A /* TMSprite.m in Sources */ = {isa = PBXBuildFile; fileRef = 55A6616B0FA56BD60030849A /* TMSprite.m */; };
		55A6617A0FA56BD60030849A /* TMTexture.m in Sources */ = {isa = PBXBuildFile; fileRef = 55A6616D0FA56BD60030849A /* TMTexture.m */; };
		55A6617B0FA56BD60030849A /* TMTileAtlas.m in Sources */ = {isa = PBXBuildFile; fileRef = 55A6616F0FA56BD60030849A /* TMTileAtlas.m */; };
		55A6617C0FA56BD60030849A /* TMTileGrid.m in Sources */ = {isa = PBXBuildFile; fileRef = 55A661710FA56BD60030849A /* TMTileGrid.m */; };
		55A6617D0FA56BD60030849A /* TMEngine.m in Sources */ = {isa = PBXBuildFile; fileRef = 55A661730FA56BD60030849A /* TMEngine.m */; };
		55A6617E0FA56BD60030849A /* TMTileMap.m in Sources */ = {isa = PBXBuildFile; fileRef = 55A661750FA56BD60030849A /* TMTileMap.m */; };
		55A6617F0FA56BD60030849A /* TMMath.m in Sources */ = {isa = PBXBuildFile; fileRef = 55A661770FA56BD60030849A /* TMMath.m */; };
		55A661950FA56BF30030849A /* EAGLView.m in Sources */ = {isa = PBXBuildFile; fileRef = 55A6618C0FA56BF30030849A /* EAGLView.m */; };
		55A661960FA56BF30030849A /* main.m in Sources */ = {isa = PBXBuildFile; fileRef = 55A6618D0FA56BF30030849A /* main.m */; };
		55A661970FA56BF30030849A /* MurphyAppDelegate.m in Sources */ = {isa = PBXBuildFile; fileRef = 55A6618F0FA56BF30030849A /* MurphyAppDelegate.m */; };
		55A661980FA56BF30030849A /* BinaryDataScanner.m in Sources */ = {isa = PBXBuildFile; fileRef = 55A661920FA56BF30030849A /* BinaryDataScanner.m */; };
		55A661990FA56BF30030849A /* MurphyLevel.m in Sources */ = {isa = PBXBuildFile; fileRef = 55A661940FA56BF30030849A /* MurphyLevel.m */; };
		55A661B70FA56C3D0030849A /* Achtung!.mbl in Resources */ = {isa = PBXBuildFile; fileRef = 55A6619C0FA56C3D0030849A /* Achtung!.mbl */; };
		55A661B80FA56C3D0030849A /* And So It Begins.mbl in Resources */ = {isa = PBXBuildFile; fileRef = 55A6619D0FA56C3D0030849A /* And So It Begins.mbl */; };
		55A661B90FA56C3D0030849A /* Bolder.mbl in Resources */ = {isa = PBXBuildFile; fileRef = 55A6619E0FA56C3D0030849A /* Bolder.mbl */; };
		55A661BA0FA56C3D0030849A /* Catacombs-Aquatron.mbl in Resources */ = {isa = PBXBuildFile; fileRef = 55A6619F0FA56C3D0030849A /* Catacombs-Aquatron.mbl */; };
		55A661BB0FA56C3D0030849A /* Combinations.mbl in Resources */ = {isa = PBXBuildFile; fileRef = 55A661A00FA56C3D0030849A /* Combinations.mbl */; };
		55A661BC0FA56C3D0030849A /* Crystalline.mbl in Resources */ = {isa = PBXBuildFile; fileRef = 55A661A10FA56C3D0030849A /* Crystalline.mbl */; };
		55A661BD0FA56C3D0030849A /* Dash Dash.mbl in Resources */ = {isa = PBXBuildFile; fileRef = 55A661A20FA56C3D0030849A /* Dash Dash.mbl */; };
		55A661BE0FA56C3D0030849A /* Daylight.mbl in Resources */ = {isa = PBXBuildFile; fileRef = 55A661A30FA56C3D0030849A /* Daylight.mbl */; };
		55A661BF0FA56C3D0030849A /* Dot Dot.mbl in Resources */ = {isa = PBXBuildFile; fileRef = 55A661A40FA56C3D0030849A /* Dot Dot.mbl */; };
		55A661C00FA56C3D0030849A /* Excavation.mbl in Resources */ = {isa = PBXBuildFile; fileRef = 55A661A50FA56C3D0030849A /* Excavation.mbl */; };
		55A661C10FA56C3D0030849A /* Falling.mbl in Resources */ = {isa = PBXBuildFile; fileRef = 55A661A60FA56C3D0030849A /* Falling.mbl */; };
		55A661C20FA56C3D0030849A /* Going Up.mbl in Resources */ = {isa = PBXBuildFile; fileRef = 55A661A70FA56C3D0030849A /* Going Up.mbl */; };
		55A661C30FA56C3D0030849A /* Gold Rush.mbl in Resources */ = {isa = PBXBuildFile; fileRef = 55A661A80FA56C3D0030849A /* Gold Rush.mbl */; };
		55A661C40FA56C3D0030849A /* Golden Rule.mbl in Resources */ = {isa = PBXBuildFile; fileRef = 55A661A90FA56C3D0030849A /* Golden Rule.mbl */; };
		55A661C50FA56C3D0030849A /* Inflamatory.mbl in Resources */ = {isa = PBXBuildFile; fileRef = 55A661AA0FA56C3D0030849A /* Inflamatory.mbl */; };
		55A661C60FA56C3D0030849A /* It's Alive!!.mbl in Resources */ = {isa = PBXBuildFile; fileRef = 55A661AB0FA56C3D0030849A /* It's Alive!!.mbl */; };
		55A661C70FA56C3D0030849A /* Labyrinth.mbl in Resources */ = {isa = PBXBuildFile; fileRef = 55A661AC0FA56C3D0030849A /* Labyrinth.mbl */; };
		55A661C80FA56C3D0030849A /* Love Boat.mbl in Resources */ = {isa = PBXBuildFile; fileRef = 55A661AD0FA56C3D0030849A /* Love Boat.mbl */; };
		55A661C90FA56C3D0030849A /* No More Secrets.mbl in Resources */ = {isa = PBXBuildFile; fileRef = 55A661AE0FA56C3D0030849A /* No More Secrets.mbl */; };
		55A661CA0FA56C3D0030849A /* Out In Out.mbl in Resources */ = {isa = PBXBuildFile; fileRef = 55A661AF0FA56C3D0030849A /* Out In Out.mbl */; };
		55A661CB0FA56C3D0030849A /* Robots & Plasmoids.mbl in Resources */ = {isa = PBXBuildFile; fileRef = 55A661B00FA56C3D0030849A /* Robots & Plasmoids.mbl */; };
		55A661CC0FA56C3D0030849A /* Short Circuit.mbl in Resources */ = {isa = PBXBuildFile; fileRef = 55A661B10FA56C3D0030849A /* Short Circuit.mbl */; };
		55A661CD0FA56C3D0030849A /* Stress.mbl in Resources */ = {isa = PBXBuildFile; fileRef = 55A661B20FA56C3D0030849A /* Stress.mbl */; };
		55A661CE0FA56C3D0030849A /* Thriller.mbl in Resources */ = {isa = PBXBuildFile; fileRef = 55A661B30FA56C3D0030849A /* Thriller.mbl */; };
		55A661CF0FA56C3D0030849A /* Trapped Inside.mbl in Resources */ = {isa = PBXBuildFile; fileRef = 55A661B40FA56C3D0030849A /* Trapped Inside.mbl */; };
		55A661D00FA56C3D0030849A /* Wizard.mbl in Resources */ = {isa = PBXBuildFile; fileRef = 55A661B50FA56C3D0030849A /* Wizard.mbl */; };
		55A661D10FA56C3D0030849A /* World.mbl in Resources */ = {isa = PBXBuildFile; fileRef = 55A661B60FA56C3D0030849A /* World.mbl */; };
		55A661D40FA570130030849A /* dist.plist in Resources */ = {isa = PBXBuildFile; fileRef = 55A661D20FA570130030849A /* dist.plist */; };
		55A661D70FA5701F0030849A /* MainWindow.xib in Resources */ = {isa = PBXBuildFile; fileRef = 55A661D60FA5701F0030849A /* MainWindow.xib */; };
		55A661DF0FA570470030849A /* aquatron.png in Resources */ = {isa = PBXBuildFile; fileRef = 55A661D90FA570470030849A /* aquatron.png */; };
		55A661E00FA570470030849A /* Default.png in Resources */ = {isa = PBXBuildFile; fileRef = 55A661DA0FA570470030849A /* Default.png */; };
		55A661E10FA570470030849A /* icon.png in Resources */ = {isa = PBXBuildFile; fileRef = 55A661DB0FA570470030849A /* icon.png */; };
		55A661E20FA570470030849A /* infotron.png in Resources */ = {isa = PBXBuildFile; fileRef = 55A661DC0FA570470030849A /* infotron.png */; };
		55A661E30FA570470030849A /* savanatron.png in Resources */ = {isa = PBXBuildFile; fileRef = 55A661DD0FA570470030849A /* savanatron.png */; };
		55A661E40FA570470030849A /* world.png in Resources */ = {isa = PBXBuildFile; fileRef = 55A661DE0FA570470030849A /* world.png */; };
/* End PBXBuildFile section */

/* Begin PBXFileReference section */
		1D30AB110D05D00D00671497 /* Foundation.framework */ = {isa = PBXFileReference; lastKnownFileType = wrapper.framework; name = Foundation.framework; path = System/Library/Frameworks/Foundation.framework; sourceTree = SDKROOT; };
		1D6058910D05DD3D006BFB54 /* iMurphy.app */ = {isa = PBXFileReference; explicitFileType = wrapper.application; includeInIndex = 0; path = iMurphy.app; sourceTree = BUILT_PRODUCTS_DIR; };
		1DF5F4DF0D08C38300B7A737 /* UIKit.framework */ = {isa = PBXFileReference; lastKnownFileType = wrapper.framework; name = UIKit.framework; path = System/Library/Frameworks/UIKit.framework; sourceTree = SDKROOT; };
		28FD14FF0DC6FC520079059D /* OpenGLES.framework */ = {isa = PBXFileReference; lastKnownFileType = wrapper.framework; name = OpenGLES.framework; path = System/Library/Frameworks/OpenGLES.framework; sourceTree = SDKROOT; };
		28FD15070DC6FC5B0079059D /* QuartzCore.framework */ = {isa = PBXFileReference; lastKnownFileType = wrapper.framework; name = QuartzCore.framework; path = System/Library/Frameworks/QuartzCore.framework; sourceTree = SDKROOT; };
		551D52360F930198005F2714 /* CoreGraphics.framework */ = {isa = PBXFileReference; lastKnownFileType = wrapper.framework; name = CoreGraphics.framework; path = System/Library/Frameworks/CoreGraphics.framework; sourceTree = SDKROOT; };
		55A661680FA56BD60030849A /* FlickDynamics.h */ = {isa = PBXFileReference; fileEncoding = 4; lastKnownFileType = sourcecode.c.h; name = FlickDynamics.h; path = TileMachine/FlickDynamics.h; sourceTree = "<group>"; };
		55A661690FA56BD60030849A /* FlickDynamics.m */ = {isa = PBXFileReference; fileEncoding = 4; lastKnownFileType = sourcecode.c.objc; name = FlickDynamics.m; path = TileMachine/FlickDynamics.m; sourceTree = "<group>"; };
		55A6616A0FA56BD60030849A /* TMSprite.h */ = {isa = PBXFileReference; fileEncoding = 4; lastKnownFileType = sourcecode.c.h; name = TMSprite.h; path = TileMachine/TMSprite.h; sourceTree = "<group>"; };
		55A6616B0FA56BD60030849A /* TMSprite.m */ = {isa = PBXFileReference; fileEncoding = 4; lastKnownFileType = sourcecode.c.objc; name = TMSprite.m; path = TileMachine/TMSprite.m; sourceTree = "<group>"; };
		55A6616C0FA56BD60030849A /* TMTexture.h */ = {isa = PBXFileReference; fileEncoding = 4; lastKnownFileType = sourcecode.c.h; name = TMTexture.h; path = TileMachine/TMTexture.h; sourceTree = "<group>"; };
		55A6616D0FA56BD60030849A /* TMTexture.m */ = {isa = PBXFileReference; fileEncoding = 4; lastKnownFileType = sourcecode.c.objc; name = TMTexture.m; path = TileMachine/TMTexture.m; sourceTree = "<group>"; };
		55A6616E0FA56BD60030849A /* TMTileAtlas.h */ = {isa = PBXFileReference; fileEncoding = 4; lastKnownFileType = sourcecode.c.h; name = TMTileAtlas.h; path = TileMachine/TMTileAtlas.h; sourceTree = "<group>"; };
		55A6616F0FA56BD60030849A /* TMTileAtlas.m */ = {isa = PBXFileReference; fileEncoding = 4; lastKnownFileType = sourcecode.c.objc; name = TMTileAtlas.m; path = TileMachine/TMTileAtlas.m; sourceTree = "<group>"; };
		55A661700FA56BD60030849A /* TMTileGrid.h */ = {isa = PBXFileReference; fileEncoding = 4; lastKnownFileType = sourcecode.c.h; name = TMTileGrid.h; path = TileMachine/TMTileGrid.h; sourceTree = "<group>"; };
		55A661710FA56BD60030849A /* TMTileGrid.m */ = {isa = PBXFileReference; fileEncoding = 4; lastKnownFileType = sourcecode.c.objc; name = TMTileGrid.m; path = TileMachine/TMTileGrid.m; sourceTree = "<group>"; };
		55A661720FA56BD60030849A /* TMEngine.h */ = {isa = PBXFileReference; fileEncoding = 4; lastKnownFileType = sourcecode.c.h; name = TMEngine.h; path = TileMachine/TMEngine.h; sourceTree = "<group>"; };
		55A661730FA56BD60030849A /* TMEngine.m */ = {isa = PBXFileReference; fileEncoding = 4; lastKnownFileType = sourcecode.c.objc; name = TMEngine.m; path = TileMachine/TMEngine.m; sourceTree = "<group>"; };
		55A661740FA56BD60030849A /* TMTileMap.h */ = {isa = PBXFileReference; fileEncoding = 4; lastKnownFileType = sourcecode.c.h; name = TMTileMap.h; path = TileMachine/TMTileMap.h; sourceTree = "<group>"; };
		55A661750FA56BD60030849A /* TMTileMap.m */ = {isa = PBXFileReference; fileEncoding = 4; lastKnownFileType = sourcecode.c.objc; name = TMTileMap.m; path = TileMachine/TMTileMap.m; sourceTree = "<group>"; };
		55A661760FA56BD60030849A /* TMMath.h */ = {isa = PBXFileReference; fileEncoding = 4; lastKnownFileType = sourcecode.c.h; name = TMMath.h; path = TileMachine/TMMath.h; sourceTree = "<group>"; };
		55A661770FA56BD60030849A /* TMMath.m */ = {isa = PBXFileReference; fileEncoding = 4; lastKnownFileType = sourcecode.c.objc; name = TMMath.m; path = TileMachine/TMMath.m; sourceTree = "<group>"; };
		55A6618B0FA56BF30030849A /* EAGLView.h */ = {isa = PBXFileReference; fileEncoding = 4; lastKnownFileType = sourcecode.c.h; name = EAGLView.h; path = Murphy/EAGLView.h; sourceTree = "<group>"; };
		55A6618C0FA56BF30030849A /* EAGLView.m */ = {isa = PBXFileReference; fileEncoding = 4; lastKnownFileType = sourcecode.c.objc; name = EAGLView.m; path = Murphy/EAGLView.m; sourceTree = "<group>"; };
		55A6618D0FA56BF30030849A /* main.m */ = {isa = PBXFileReference; fileEncoding = 4; lastKnownFileType = sourcecode.c.objc; name = main.m; path = Murphy/main.m; sourceTree = "<group>"; };
		55A6618E0FA56BF30030849A /* MurphyAppDelegate.h */ = {isa = PBXFileReference; fileEncoding = 4; lastKnownFileType = sourcecode.c.h; name = MurphyAppDelegate.h; path = Murphy/MurphyAppDelegate.h; sourceTree = "<group>"; };
		55A6618F0FA56BF30030849A /* MurphyAppDelegate.m */ = {isa = PBXFileReference; fileEncoding = 4; lastKnownFileType = sourcecode.c.objc; name = MurphyAppDelegate.m; path = Murphy/MurphyAppDelegate.m; sourceTree = "<group>"; };
		55A661900FA56BF30030849A /* MurphyConstants.h */ = {isa = PBXFileReference; fileEncoding = 4; lastKnownFileType = sourcecode.c.h; name = MurphyConstants.h; path = Murphy/MurphyConstants.h; sourceTree = "<group>"; };
		55A661910FA56BF30030849A /* BinaryDataScanner.h */ = {isa = PBXFileReference; fileEncoding = 4; lastKnownFileType = sourcecode.c.h; name = BinaryDataScanner.h; path = Murphy/BinaryDataScanner.h; sourceTree = "<group>"; };
		55A661920FA56BF30030849A /* BinaryDataScanner.m */ = {isa = PBXFileReference; fileEncoding = 4; lastKnownFileType = sourcecode.c.objc; name = BinaryDataScanner.m; path = Murphy/BinaryDataScanner.m; sourceTree = "<group>"; };
		55A661930FA56BF30030849A /* MurphyLevel.h */ = {isa = PBXFileReference; fileEncoding = 4; lastKnownFileType = sourcecode.c.h; name = MurphyLevel.h; path = Murphy/MurphyLevel.h; sourceTree = "<group>"; };
		55A661940FA56BF30030849A /* MurphyLevel.m */ = {isa = PBXFileReference; fileEncoding = 4; lastKnownFileType = sourcecode.c.objc; name = MurphyLevel.m; path = Murphy/MurphyLevel.m; sourceTree = "<group>"; };
		55A6619A0FA56C130030849A /* murphy_prefix.pch */ = {isa = PBXFileReference; fileEncoding = 4; lastKnownFileType = sourcecode.c.h; path = murphy_prefix.pch; sourceTree = "<group>"; };
		55A6619C0FA56C3D0030849A /* Achtung!.mbl */ = {isa = PBXFileReference; lastKnownFileType = file; name = "Achtung!.mbl"; path = "levels/Achtung!.mbl"; sourceTree = "<group>"; };
		55A6619D0FA56C3D0030849A /* And So It Begins.mbl */ = {isa = PBXFileReference; lastKnownFileType = file; name = "And So It Begins.mbl"; path = "levels/And So It Begins.mbl"; sourceTree = "<group>"; };
		55A6619E0FA56C3D0030849A /* Bolder.mbl */ = {isa = PBXFileReference; lastKnownFileType = file; name = Bolder.mbl; path = levels/Bolder.mbl; sourceTree = "<group>"; };
		55A6619F0FA56C3D0030849A /* Catacombs-Aquatron.mbl */ = {isa = PBXFileReference; lastKnownFileType = file; name = "Catacombs-Aquatron.mbl"; path = "levels/Catacombs-Aquatron.mbl"; sourceTree = "<group>"; };
		55A661A00FA56C3D0030849A /* Combinations.mbl */ = {isa = PBXFileReference; lastKnownFileType = file; name = Combinations.mbl; path = levels/Combinations.mbl; sourceTree = "<group>"; };
		55A661A10FA56C3D0030849A /* Crystalline.mbl */ = {isa = PBXFileReference; lastKnownFileType = file; name = Crystalline.mbl; path = levels/Crystalline.mbl; sourceTree = "<group>"; };
		55A661A20FA56C3D0030849A /* Dash Dash.mbl */ = {isa = PBXFileReference; lastKnownFileType = file; name = "Dash Dash.mbl"; path = "levels/Dash Dash.mbl"; sourceTree = "<group>"; };
		55A661A30FA56C3D0030849A /* Daylight.mbl */ = {isa = PBXFileReference; lastKnownFileType = file; name = Daylight.mbl; path = levels/Daylight.mbl; sourceTree = "<group>"; };
		55A661A40FA56C3D0030849A /* Dot Dot.mbl */ = {isa = PBXFileReference; lastKnownFileType = file; name = "Dot Dot.mbl"; path = "levels/Dot Dot.mbl"; sourceTree = "<group>"; };
		55A661A50FA56C3D0030849A /* Excavation.mbl */ = {isa = PBXFileReference; lastKnownFileType = file; name = Excavation.mbl; path = levels/Excavation.mbl; sourceTree = "<group>"; };
		55A661A60FA56C3D0030849A /* Falling.mbl */ = {isa = PBXFileReference; lastKnownFileType = file; name = Falling.mbl; path = levels/Falling.mbl; sourceTree = "<group>"; };
		55A661A70FA56C3D0030849A /* Going Up.mbl */ = {isa = PBXFileReference; lastKnownFileType = file; name = "Going Up.mbl"; path = "levels/Going Up.mbl"; sourceTree = "<group>"; };
		55A661A80FA56C3D0030849A /* Gold Rush.mbl */ = {isa = PBXFileReference; lastKnownFileType = file; name = "Gold Rush.mbl"; path = "levels/Gold Rush.mbl"; sourceTree = "<group>"; };
		55A661A90FA56C3D0030849A /* Golden Rule.mbl */ = {isa = PBXFileReference; lastKnownFileType = file; name = "Golden Rule.mbl"; path = "levels/Golden Rule.mbl"; sourceTree = "<group>"; };
		55A661AA0FA56C3D0030849A /* Inflamatory.mbl */ = {isa = PBXFileReference; lastKnownFileType = file; name = Inflamatory.mbl; path = levels/Inflamatory.mbl; sourceTree = "<group>"; };
		55A661AB0FA56C3D0030849A /* It's Alive!!.mbl */ = {isa = PBXFileReference; lastKnownFileType = file; name = "It's Alive!!.mbl"; path = "levels/It's Alive!!.mbl"; sourceTree = "<group>"; };
		55A661AC0FA56C3D0030849A /* Labyrinth.mbl */ = {isa = PBXFileReference; lastKnownFileType = file; name = Labyrinth.mbl; path = levels/Labyrinth.mbl; sourceTree = "<group>"; };
		55A661AD0FA56C3D0030849A /* Love Boat.mbl */ = {isa = PBXFileReference; lastKnownFileType = file; name = "Love Boat.mbl"; path = "levels/Love Boat.mbl"; sourceTree = "<group>"; };
		55A661AE0FA56C3D0030849A /* No More Secrets.mbl */ = {isa = PBXFileReference; lastKnownFileType = file; name = "No More Secrets.mbl"; path = "levels/No More Secrets.mbl"; sourceTree = "<group>"; };
		55A661AF0FA56C3D0030849A /* Out In Out.mbl */ = {isa = PBXFileReference; lastKnownFileType = file; name = "Out In Out.mbl"; path = "levels/Out In Out.mbl"; sourceTree = "<group>"; };
		55A661B00FA56C3D0030849A /* Robots & Plasmoids.mbl */ = {isa = PBXFileReference; lastKnownFileType = file; name = "Robots & Plasmoids.mbl"; path = "levels/Robots & Plasmoids.mbl"; sourceTree = "<group>"; };
		55A661B10FA56C3D0030849A /* Short Circuit.mbl */ = {isa = PBXFileReference; lastKnownFileType = file; name = "Short Circuit.mbl"; path = "levels/Short Circuit.mbl"; sourceTree = "<group>"; };
		55A661B20FA56C3D0030849A /* Stress.mbl */ = {isa = PBXFileReference; lastKnownFileType = file; name = Stress.mbl; path = levels/Stress.mbl; sourceTree = "<group>"; };
		55A661B30FA56C3D0030849A /* Thriller.mbl */ = {isa = PBXFileReference; lastKnownFileType = file; name = Thriller.mbl; path = levels/Thriller.mbl; sourceTree = "<group>"; };
		55A661B40FA56C3D0030849A /* Trapped Inside.mbl */ = {isa = PBXFileReference; lastKnownFileType = file; name = "Trapped Inside.mbl"; path = "levels/Trapped Inside.mbl"; sourceTree = "<group>"; };
		55A661B50FA56C3D0030849A /* Wizard.mbl */ = {isa = PBXFileReference; lastKnownFileType = file; name = Wizard.mbl; path = levels/Wizard.mbl; sourceTree = "<group>"; };
		55A661B60FA56C3D0030849A /* World.mbl */ = {isa = PBXFileReference; lastKnownFileType = file; name = World.mbl; path = levels/World.mbl; sourceTree = "<group>"; };
		55A661D20FA570130030849A /* dist.plist */ = {isa = PBXFileReference; fileEncoding = 4; lastKnownFileType = text.plist.xml; name = dist.plist; path = plist/dist.plist; sourceTree = "<group>"; };
		55A661D30FA570130030849A /* Info.plist */ = {isa = PBXFileReference; fileEncoding = 4; lastKnownFileType = text.plist.xml; name = Info.plist; path = plist/Info.plist; sourceTree = "<group>"; };
		55A661D60FA5701F0030849A /* MainWindow.xib */ = {isa = PBXFileReference; lastKnownFileType = file.xib; name = MainWindow.xib; path = interface/MainWindow.xib; sourceTree = "<group>"; };
		55A661D90FA570470030849A /* aquatron.png */ = {isa = PBXFileReference; lastKnownFileType = image.png; name = aquatron.png; path = images/aquatron.png; sourceTree = "<group>"; };
		55A661DA0FA570470030849A /* Default.png */ = {isa = PBXFileReference; lastKnownFileType = image.png; name = Default.png; path = images/Default.png; sourceTree = "<group>"; };
		55A661DB0FA570470030849A /* icon.png */ = {isa = PBXFileReference; lastKnownFileType = image.png; name = icon.png; path = images/icon.png; sourceTree = "<group>"; };
		55A661DC0FA570470030849A /* infotron.png */ = {isa = PBXFileReference; lastKnownFileType = image.png; name = infotron.png; path = images/infotron.png; sourceTree = "<group>"; };
		55A661DD0FA570470030849A /* savanatron.png */ = {isa = PBXFileReference; lastKnownFileType = image.png; name = savanatron.png; path = images/savanatron.png; sourceTree = "<group>"; };
		55A661DE0FA570470030849A /* world.png */ = {isa = PBXFileReference; lastKnownFileType = image.png; name = world.png; path = images/world.png; sourceTree = "<group>"; };
/* End PBXFileReference section */

/* Begin PBXFrameworksBuildPhase section */
		1D60588F0D05DD3D006BFB54 /* Frameworks */ = {
			isa = PBXFrameworksBuildPhase;
			buildActionMask = 2147483647;
			files = (
				1D60589F0D05DD5A006BFB54 /* Foundation.framework in Frameworks */,
				1DF5F4E00D08C38300B7A737 /* UIKit.framework in Frameworks */,
				28FD15000DC6FC520079059D /* OpenGLES.framework in Frameworks */,
				28FD15080DC6FC5B0079059D /* QuartzCore.framework in Frameworks */,
				551D52370F930198005F2714 /* CoreGraphics.framework in Frameworks */,
			);
			runOnlyForDeploymentPostprocessing = 0;
		};
/* End PBXFrameworksBuildPhase section */

/* Begin PBXGroup section */
		19C28FACFE9D520D11CA2CBB /* Products */ = {
			isa = PBXGroup;
			children = (
				1D6058910D05DD3D006BFB54 /* iMurphy.app */,
			);
			name = Products;
			sourceTree = "<group>";
		};
		29B97314FDCFA39411CA2CEA /* CustomTemplate */ = {
			isa = PBXGroup;
			children = (
				551D51650F929F1C005F2714 /* TileMachine */,
				55A6618A0FA56BE20030849A /* Murphy */,
				29B97317FDCFA39411CA2CEA /* Resources */,
				55A661D80FA5702A0030849A /* Images */,
				55A6619B0FA56C2A0030849A /* Levels */,
				29B97315FDCFA39411CA2CEA /* Prefix Files */,
				29B97323FDCFA39411CA2CEA /* Frameworks */,
				19C28FACFE9D520D11CA2CBB /* Products */,
			);
			name = CustomTemplate;
			sourceTree = "<group>";
		};
		29B97315FDCFA39411CA2CEA /* Prefix Files */ = {
			isa = PBXGroup;
			children = (
				55A6619A0FA56C130030849A /* murphy_prefix.pch */,
			);
			name = "Prefix Files";
			sourceTree = "<group>";
		};
		29B97317FDCFA39411CA2CEA /* Resources */ = {
			isa = PBXGroup;
			children = (
				55A661D60FA5701F0030849A /* MainWindow.xib */,
				55A661D20FA570130030849A /* dist.plist */,
				55A661D30FA570130030849A /* Info.plist */,
			);
			name = Resources;
			sourceTree = "<group>";
		};
		29B97323FDCFA39411CA2CEA /* Frameworks */ = {
			isa = PBXGroup;
			children = (
				551D52360F930198005F2714 /* CoreGraphics.framework */,
				28FD15070DC6FC5B0079059D /* QuartzCore.framework */,
				28FD14FF0DC6FC520079059D /* OpenGLES.framework */,
				1DF5F4DF0D08C38300B7A737 /* UIKit.framework */,
				1D30AB110D05D00D00671497 /* Foundation.framework */,
			);
			name = Frameworks;
			sourceTree = "<group>";
		};
		551D51650F929F1C005F2714 /* TileMachine */ = {
			isa = PBXGroup;
			children = (
				55A661680FA56BD60030849A /* FlickDynamics.h */,
				55A661690FA56BD60030849A /* FlickDynamics.m */,
				55A6616A0FA56BD60030849A /* TMSprite.h */,
				55A6616B0FA56BD60030849A /* TMSprite.m */,
				55A6616C0FA56BD60030849A /* TMTexture.h */,
				55A6616D0FA56BD60030849A /* TMTexture.m */,
				55A6616E0FA56BD60030849A /* TMTileAtlas.h */,
				55A6616F0FA56BD60030849A /* TMTileAtlas.m */,
				55A661700FA56BD60030849A /* TMTileGrid.h */,
				55A661710FA56BD60030849A /* TMTileGrid.m */,
				55A661720FA56BD60030849A /* TMEngine.h */,
				55A661730FA56BD60030849A /* TMEngine.m */,
				55A661740FA56BD60030849A /* TMTileMap.h */,
				55A661750FA56BD60030849A /* TMTileMap.m */,
				55A661760FA56BD60030849A /* TMMath.h */,
				55A661770FA56BD60030849A /* TMMath.m */,
			);
			name = TileMachine;
			sourceTree = "<group>";
		};
		55A6618A0FA56BE20030849A /* Murphy */ = {
			isa = PBXGroup;
			children = (
				55A6618B0FA56BF30030849A /* EAGLView.h */,
				55A6618C0FA56BF30030849A /* EAGLView.m */,
				55A6618D0FA56BF30030849A /* main.m */,
				55A6618E0FA56BF30030849A /* MurphyAppDelegate.h */,
				55A6618F0FA56BF30030849A /* MurphyAppDelegate.m */,
				55A661900FA56BF30030849A /* MurphyConstants.h */,
				55A661910FA56BF30030849A /* BinaryDataScanner.h */,
				55A661920FA56BF30030849A /* BinaryDataScanner.m */,
				55A661930FA56BF30030849A /* MurphyLevel.h */,
				55A661940FA56BF30030849A /* MurphyLevel.m */,
			);
			name = Murphy;
			sourceTree = "<group>";
		};
		55A6619B0FA56C2A0030849A /* Levels */ = {
			isa = PBXGroup;
			children = (
				55A6619C0FA56C3D0030849A /* Achtung!.mbl */,
				55A6619D0FA56C3D0030849A /* And So It Begins.mbl */,
				55A6619E0FA56C3D0030849A /* Bolder.mbl */,
				55A6619F0FA56C3D0030849A /* Catacombs-Aquatron.mbl */,
				55A661A00FA56C3D0030849A /* Combinations.mbl */,
				55A661A10FA56C3D0030849A /* Crystalline.mbl */,
				55A661A20FA56C3D0030849A /* Dash Dash.mbl */,
				55A661A30FA56C3D0030849A /* Daylight.mbl */,
				55A661A40FA56C3D0030849A /* Dot Dot.mbl */,
				55A661A50FA56C3D0030849A /* Excavation.mbl */,
				55A661A60FA56C3D0030849A /* Falling.mbl */,
				55A661A70FA56C3D0030849A /* Going Up.mbl */,
				55A661A80FA56C3D0030849A /* Gold Rush.mbl */,
				55A661A90FA56C3D0030849A /* Golden Rule.mbl */,
				55A661AA0FA56C3D0030849A /* Inflamatory.mbl */,
				55A661AB0FA56C3D0030849A /* It's Alive!!.mbl */,
				55A661AC0FA56C3D0030849A /* Labyrinth.mbl */,
				55A661AD0FA56C3D0030849A /* Love Boat.mbl */,
				55A661AE0FA56C3D0030849A /* No More Secrets.mbl */,
				55A661AF0FA56C3D0030849A /* Out In Out.mbl */,
				55A661B00FA56C3D0030849A /* Robots & Plasmoids.mbl */,
				55A661B10FA56C3D0030849A /* Short Circuit.mbl */,
				55A661B20FA56C3D0030849A /* Stress.mbl */,
				55A661B30FA56C3D0030849A /* Thriller.mbl */,
				55A661B40FA56C3D0030849A /* Trapped Inside.mbl */,
				55A661B50FA56C3D0030849A /* Wizard.mbl */,
				55A661B60FA56C3D0030849A /* World.mbl */,
			);
			name = Levels;
			sourceTree = "<group>";
		};
		55A661D80FA5702A0030849A /* Images */ = {
			isa = PBXGroup;
			children = (
				55A661D90FA570470030849A /* aquatron.png */,
				55A661DD0FA570470030849A /* savanatron.png */,
				55A661DC0FA570470030849A /* infotron.png */,
				55A661DA0FA570470030849A /* Default.png */,
				55A661DB0FA570470030849A /* icon.png */,
				55A661DE0FA570470030849A /* world.png */,
			);
			name = Images;
			sourceTree = "<group>";
		};
/* End PBXGroup section */

/* Begin PBXNativeTarget section */
		1D6058900D05DD3D006BFB54 /* iMurphy */ = {
			isa = PBXNativeTarget;
			buildConfigurationList = 1D6058960D05DD3E006BFB54 /* Build configuration list for PBXNativeTarget "iMurphy" */;
			buildPhases = (
				1D60588D0D05DD3D006BFB54 /* Resources */,
				1D60588E0D05DD3D006BFB54 /* Sources */,
				1D60588F0D05DD3D006BFB54 /* Frameworks */,
			);
			buildRules = (
			);
			dependencies = (
			);
			name = iMurphy;
			productName = iMurphy;
			productReference = 1D6058910D05DD3D006BFB54 /* iMurphy.app */;
			productType = "com.apple.product-type.application";
		};
/* End PBXNativeTarget section */

/* Begin PBXProject section */
		29B97313FDCFA39411CA2CEA /* Project object */ = {
			isa = PBXProject;
			buildConfigurationList = C01FCF4E08A954540054247B /* Build configuration list for PBXProject "murphy" */;
			compatibilityVersion = "Xcode 3.1";
			hasScannedForEncodings = 1;
			mainGroup = 29B97314FDCFA39411CA2CEA /* CustomTemplate */;
			projectDirPath = "";
			projectRoot = "";
			targets = (
				1D6058900D05DD3D006BFB54 /* iMurphy */,
			);
		};
/* End PBXProject section */

/* Begin PBXResourcesBuildPhase section */
		1D60588D0D05DD3D006BFB54 /* Resources */ = {
			isa = PBXResourcesBuildPhase;
			buildActionMask = 2147483647;
			files = (
				55A661B70FA56C3D0030849A /* Achtung!.mbl in Resources */,
				55A661B80FA56C3D0030849A /* And So It Begins.mbl in Resources */,
				55A661B90FA56C3D0030849A /* Bolder.mbl in Resources */,
				55A661BA0FA56C3D0030849A /* Catacombs-Aquatron.mbl in Resources */,
				55A661BB0FA56C3D0030849A /* Combinations.mbl in Resources */,
				55A661BC0FA56C3D0030849A /* Crystalline.mbl in Resources */,
				55A661BD0FA56C3D0030849A /* Dash Dash.mbl in Resources */,
				55A661BE0FA56C3D0030849A /* Daylight.mbl in Resources */,
				55A661BF0FA56C3D0030849A /* Dot Dot.mbl in Resources */,
				55A661C00FA56C3D0030849A /* Excavation.mbl in Resources */,
				55A661C10FA56C3D0030849A /* Falling.mbl in Resources */,
				55A661C20FA56C3D0030849A /* Going Up.mbl in Resources */,
				55A661C30FA56C3D0030849A /* Gold Rush.mbl in Resources */,
				55A661C40FA56C3D0030849A /* Golden Rule.mbl in Resources */,
				55A661C50FA56C3D0030849A /* Inflamatory.mbl in Resources */,
				55A661C60FA56C3D0030849A /* It's Alive!!.mbl in Resources */,
				55A661C70FA56C3D0030849A /* Labyrinth.mbl in Resources */,
				55A661C80FA56C3D0030849A /* Love Boat.mbl in Resources */,
				55A661C90FA56C3D0030849A /* No More Secrets.mbl in Resources */,
				55A661CA0FA56C3D0030849A /* Out In Out.mbl in Resources */,
				55A661CB0FA56C3D0030849A /* Robots & Plasmoids.mbl in Resources */,
				55A661CC0FA56C3D0030849A /* Short Circuit.mbl in Resources */,
				55A661CD0FA56C3D0030849A /* Stress.mbl in Resources */,
				55A661CE0FA56C3D0030849A /* Thriller.mbl in Resources */,
				55A661CF0FA56C3D0030849A /* Trapped Inside.mbl in Resources */,
				55A661D00FA56C3D0030849A /* Wizard.mbl in Resources */,
				55A661D10FA56C3D0030849A /* World.mbl in Resources */,
				55A661D40FA570130030849A /* dist.plist in Resources */,
				55A661D70FA5701F0030849A /* MainWindow.xib in Resources */,
				55A661DF0FA570470030849A /* aquatron.png in Resources */,
				55A661E00FA570470030849A /* Default.png in Resources */,
				55A661E10FA570470030849A /* icon.png in Resources */,
				55A661E20FA570470030849A /* infotron.png in Resources */,
				55A661E30FA570470030849A /* savanatron.png in Resources */,
				55A661E40FA570470030849A /* world.png in Resources */,
			);
			runOnlyForDeploymentPostprocessing = 0;
		};
/* End PBXResourcesBuildPhase section */

/* Begin PBXSourcesBuildPhase section */
		1D60588E0D05DD3D006BFB54 /* Sources */ = {
			isa = PBXSourcesBuildPhase;
			buildActionMask = 2147483647;
			files = (
				55A661780FA56BD60030849A /* FlickDynamics.m in Sources */,
				55A661790FA56BD60030849A /* TMSprite.m in Sources */,
				55A6617A0FA56BD60030849A /* TMTexture.m in Sources */,
				55A6617B0FA56BD60030849A /* TMTileAtlas.m in Sources */,
				55A6617C0FA56BD60030849A /* TMTileGrid.m in Sources */,
				55A6617D0FA56BD60030849A /* TMEngine.m in Sources */,
				55A6617E0FA56BD60030849A /* TMTileMap.m in Sources */,
				55A6617F0FA56BD60030849A /* TMMath.m in Sources */,
				55A661950FA56BF30030849A /* EAGLView.m in Sources */,
				55A661960FA56BF30030849A /* main.m in Sources */,
				55A661970FA56BF30030849A /* MurphyAppDelegate.m in Sources */,
				55A661980FA56BF30030849A /* BinaryDataScanner.m in Sources */,
				55A661990FA56BF30030849A /* MurphyLevel.m in Sources */,
			);
			runOnlyForDeploymentPostprocessing = 0;
		};
/* End PBXSourcesBuildPhase section */

/* Begin XCBuildConfiguration section */
		1D6058940D05DD3E006BFB54 /* Debug */ = {
			isa = XCBuildConfiguration;
			buildSettings = {
				ALWAYS_SEARCH_USER_PATHS = NO;
				COPY_PHASE_STRIP = NO;
				GCC_DYNAMIC_NO_PIC = NO;
				GCC_OPTIMIZATION_LEVEL = 0;
				GCC_PRECOMPILE_PREFIX_HEADER = YES;
				GCC_PREFIX_HEADER = murphy_prefix.pch;
				INFOPLIST_FILE = plist/Info.plist;
				PRODUCT_NAME = iMurphy;
			};
			name = Debug;
		};
		1D6058950D05DD3E006BFB54 /* Release */ = {
			isa = XCBuildConfiguration;
			buildSettings = {
				ALWAYS_SEARCH_USER_PATHS = NO;
				COPY_PHASE_STRIP = YES;
				GCC_PRECOMPILE_PREFIX_HEADER = YES;
				GCC_PREFIX_HEADER = murphy_prefix.pch;
				INFOPLIST_FILE = plist/Info.plist;
				PRODUCT_NAME = iMurphy;
			};
			name = Release;
		};
		55F7C9310F9E54BE00D3C4E4 /* AdHoc */ = {
			isa = XCBuildConfiguration;
			buildSettings = {
				ARCHS = "$(ARCHS_STANDARD_32_BIT)";
				CODE_SIGN_ENTITLEMENTS = dist.plist;
				"CODE_SIGN_IDENTITY[sdk=iphoneos*]" = "iPhone Distribution: Dave Peck";
				GCC_C_LANGUAGE_STANDARD = c99;
				GCC_WARN_ABOUT_RETURN_TYPE = YES;
				GCC_WARN_UNUSED_VARIABLE = YES;
				INFOPLIST_FILE = plist/Info.plist;
				PREBINDING = NO;
				"PROVISIONING_PROFILE[sdk=iphoneos*]" = "3CA7C76F-8452-4652-8B1E-9D5C8BDCF40B";
				SDKROOT = iphoneos2.2.1;
			};
			name = AdHoc;
		};
		55F7C9320F9E54BE00D3C4E4 /* AdHoc */ = {
			isa = XCBuildConfiguration;
			buildSettings = {
				ALWAYS_SEARCH_USER_PATHS = NO;
				COPY_PHASE_STRIP = YES;
				GCC_PRECOMPILE_PREFIX_HEADER = YES;
				GCC_PREFIX_HEADER = murphy_prefix.pch;
				INFOPLIST_FILE = plist/Info.plist;
				PRODUCT_NAME = iMurphy;
			};
			name = AdHoc;
		};
		C01FCF4F08A954540054247B /* Debug */ = {
			isa = XCBuildConfiguration;
			buildSettings = {
				ARCHS = "$(ARCHS_STANDARD_32_BIT)";
				"CODE_SIGN_IDENTITY[sdk=iphoneos*]" = "iPhone Developer: Dave Peck";
				GCC_C_LANGUAGE_STANDARD = c99;
				GCC_WARN_ABOUT_RETURN_TYPE = YES;
				GCC_WARN_UNUSED_VARIABLE = YES;
				INFOPLIST_FILE = plist/Info.plist;
				ONLY_ACTIVE_ARCH = YES;
				PREBINDING = NO;
				"PROVISIONING_PROFILE[sdk=iphoneos*]" = "75D1E4EF-88E1-4871-B851-D23C7151270C";
				SDKROOT = iphoneos2.2.1;
			};
			name = Debug;
		};
		C01FCF5008A954540054247B /* Release */ = {
			isa = XCBuildConfiguration;
			buildSettings = {
				ARCHS = "$(ARCHS_STANDARD_32_BIT)";
				"CODE_SIGN_IDENTITY[sdk=iphoneos*]" = "iPhone Developer: Dave Peck";
				GCC_C_LANGUAGE_STANDARD = c99;
				GCC_WARN_ABOUT_RETURN_TYPE = YES;
				GCC_WARN_UNUSED_VARIABLE = YES;
				INFOPLIST_FILE = plist/Info.plist;
				PREBINDING = NO;
				"PROVISIONING_PROFILE[sdk=iphoneos*]" = "75D1E4EF-88E1-4871-B851-D23C7151270C";
				SDKROOT = iphoneos2.2.1;
			};
			name = Release;
		};
/* End XCBuildConfiguration section */

/* Begin XCConfigurationList section */
		1D6058960D05DD3E006BFB54 /* Build configuration list for PBXNativeTarget "iMurphy" */ = {
			isa = XCConfigurationList;
			buildConfigurations = (
				1D6058940D05DD3E006BFB54 /* Debug */,
				1D6058950D05DD3E006BFB54 /* Release */,
				55F7C9320F9E54BE00D3C4E4 /* AdHoc */,
			);
			defaultConfigurationIsVisible = 0;
			defaultConfigurationName = Release;
		};
		C01FCF4E08A954540054247B /* Build configuration list for PBXProject "murphy" */ = {
			isa = XCConfigurationList;
			buildConfigurations = (
				C01FCF4F08A954540054247B /* Debug */,
				C01FCF5008A954540054247B /* Release */,
				55F7C9310F9E54BE00D3C4E4 /* AdHoc */,
			);
			defaultConfigurationIsVisible = 0;
			defaultConfigurationName = Release;
		};
/* End XCConfigurationList section */
	};
	rootObject = 29B97313FDCFA39411CA2CEA /* Project object */;
}
